// !$*UTF8*$!
{
	archiveVersion = 1;
	classes = {
	};
	objectVersion = 46;
	objects = {

/* Begin PBXBuildFile section */
		37AED1E11ABCF65700B20FDF /* AppDelegate.swift in Sources */ = {isa = PBXBuildFile; fileRef = 37AED1E01ABCF65700B20FDF /* AppDelegate.swift */; };
		37AED1E31ABCF65700B20FDF /* ViewController.swift in Sources */ = {isa = PBXBuildFile; fileRef = 37AED1E21ABCF65700B20FDF /* ViewController.swift */; };
		37AED1E61ABCF65700B20FDF /* Main.storyboard in Resources */ = {isa = PBXBuildFile; fileRef = 37AED1E41ABCF65700B20FDF /* Main.storyboard */; };
		37AED1E81ABCF65700B20FDF /* Images.xcassets in Resources */ = {isa = PBXBuildFile; fileRef = 37AED1E71ABCF65700B20FDF /* Images.xcassets */; };
		37AED1EB1ABCF65700B20FDF /* LaunchScreen.xib in Resources */ = {isa = PBXBuildFile; fileRef = 37AED1E91ABCF65700B20FDF /* LaunchScreen.xib */; };
		37AED1F71ABCF65700B20FDF /* Jack_Deschenes_01Tests.swift in Sources */ = {isa = PBXBuildFile; fileRef = 37AED1F61ABCF65700B20FDF /* Jack_Deschenes_01Tests.swift */; };
/* End PBXBuildFile section */

/* Begin PBXContainerItemProxy section */
		37AED1F11ABCF65700B20FDF /* PBXContainerItemProxy */ = {
			isa = PBXContainerItemProxy;
			containerPortal = 37AED1D31ABCF65700B20FDF /* Project object */;
			proxyType = 1;
			remoteGlobalIDString = 37AED1DA1ABCF65700B20FDF;
			remoteInfo = Jack_Deschenes_01;
		};
/* End PBXContainerItemProxy section */

/* Begin PBXFileReference section */
		37AED1DB1ABCF65700B20FDF /* Jack_Deschenes_01.app */ = {isa = PBXFileReference; explicitFileType = wrapper.application; includeInIndex = 0; path = Jack_Deschenes_01.app; sourceTree = BUILT_PRODUCTS_DIR; };
		37AED1DF1ABCF65700B20FDF /* Info.plist */ = {isa = PBXFileReference; lastKnownFileType = text.plist.xml; path = Info.plist; sourceTree = "<group>"; };
		37AED1E01ABCF65700B20FDF /* AppDelegate.swift */ = {isa = PBXFileReference; lastKnownFileType = sourcecode.swift; path = AppDelegate.swift; sourceTree = "<group>"; };
		37AED1E21ABCF65700B20FDF /* ViewController.swift */ = {isa = PBXFileReference; lastKnownFileType = sourcecode.swift; path = ViewController.swift; sourceTree = "<group>"; };
		37AED1E51ABCF65700B20FDF /* Base */ = {isa = PBXFileReference; lastKnownFileType = file.storyboard; name = Base; path = Base.lproj/Main.storyboard; sourceTree = "<group>"; };
		37AED1E71ABCF65700B20FDF /* Images.xcassets */ = {isa = PBXFileReference; lastKnownFileType = folder.assetcatalog; path = Images.xcassets; sourceTree = "<group>"; };
		37AED1EA1ABCF65700B20FDF /* Base */ = {isa = PBXFileReference; lastKnownFileType = file.xib; name = Base; path = Base.lproj/LaunchScreen.xib; sourceTree = "<group>"; };
		37AED1F01ABCF65700B20FDF /* Jack_Deschenes_01Tests.xctest */ = {isa = PBXFileReference; explicitFileType = wrapper.cfbundle; includeInIndex = 0; path = Jack_Deschenes_01Tests.xctest; sourceTree = BUILT_PRODUCTS_DIR; };
		37AED1F51ABCF65700B20FDF /* Info.plist */ = {isa = PBXFileReference; lastKnownFileType = text.plist.xml; path = Info.plist; sourceTree = "<group>"; };
		37AED1F61ABCF65700B20FDF /* Jack_Deschenes_01Tests.swift */ = {isa = PBXFileReference; lastKnownFileType = sourcecode.swift; path = Jack_Deschenes_01Tests.swift; sourceTree = "<group>"; };
/* End PBXFileReference section */

/* Begin PBXFrameworksBuildPhase section */
		37AED1D81ABCF65700B20FDF /* Frameworks */ = {
			isa = PBXFrameworksBuildPhase;
			buildActionMask = 2147483647;
			files = (
			);
			runOnlyForDeploymentPostprocessing = 0;
		};
		37AED1ED1ABCF65700B20FDF /* Frameworks */ = {
			isa = PBXFrameworksBuildPhase;
			buildActionMask = 2147483647;
			files = (
			);
			runOnlyForDeploymentPostprocessing = 0;
		};
/* End PBXFrameworksBuildPhase section */

/* Begin PBXGroup section */
		37AED1D21ABCF65700B20FDF = {
			isa = PBXGroup;
			children = (
				37AED1DD1ABCF65700B20FDF /* Jack_Deschenes_01 */,
				37AED1F31ABCF65700B20FDF /* Jack_Deschenes_01Tests */,
				37AED1DC1ABCF65700B20FDF /* Products */,
			);
			sourceTree = "<group>";
		};
		37AED1DC1ABCF65700B20FDF /* Products */ = {
			isa = PBXGroup;
			children = (
				37AED1DB1ABCF65700B20FDF /* Jack_Deschenes_01.app */,
				37AED1F01ABCF65700B20FDF /* Jack_Deschenes_01Tests.xctest */,
			);
			name = Products;
			sourceTree = "<group>";
		};
		37AED1DD1ABCF65700B20FDF /* Jack_Deschenes_01 */ = {
			isa = PBXGroup;
			children = (
				37AED1E01ABCF65700B20FDF /* AppDelegate.swift */,
				37AED1E21ABCF65700B20FDF /* ViewController.swift */,
				37AED1E41ABCF65700B20FDF /* Main.storyboard */,
				37AED1E71ABCF65700B20FDF /* Images.xcassets */,
				37AED1E91ABCF65700B20FDF /* LaunchScreen.xib */,
				37AED1DE1ABCF65700B20FDF /* Supporting Files */,
			);
			path = Jack_Deschenes_01;
			sourceTree = "<group>";
		};
		37AED1DE1ABCF65700B20FDF /* Supporting Files */ = {
			isa = PBXGroup;
			children = (
				37AED1DF1ABCF65700B20FDF /* Info.plist */,
			);
			name = "Supporting Files";
			sourceTree = "<group>";
		};
		37AED1F31ABCF65700B20FDF /* Jack_Deschenes_01Tests */ = {
			isa = PBXGroup;
			children = (
				37AED1F61ABCF65700B20FDF /* Jack_Deschenes_01Tests.swift */,
				37AED1F41ABCF65700B20FDF /* Supporting Files */,
			);
			path = Jack_Deschenes_01Tests;
			sourceTree = "<group>";
		};
		37AED1F41ABCF65700B20FDF /* Supporting Files */ = {
			isa = PBXGroup;
			children = (
				37AED1F51ABCF65700B20FDF /* Info.plist */,
			);
			name = "Supporting Files";
			sourceTree = "<group>";
		};
/* End PBXGroup section */

/* Begin PBXNativeTarget section */
		37AED1DA1ABCF65700B20FDF /* Jack_Deschenes_01 */ = {
			isa = PBXNativeTarget;
			buildConfigurationList = 37AED1FA1ABCF65700B20FDF /* Build configuration list for PBXNativeTarget "Jack_Deschenes_01" */;
			buildPhases = (
				37AED1D71ABCF65700B20FDF /* Sources */,
				37AED1D81ABCF65700B20FDF /* Frameworks */,
				37AED1D91ABCF65700B20FDF /* Resources */,
			);
			buildRules = (
			);
			dependencies = (
			);
			name = Jack_Deschenes_01;
			productName = Jack_Deschenes_01;
			productReference = 37AED1DB1ABCF65700B20FDF /* Jack_Deschenes_01.app */;
			productType = "com.apple.product-type.application";
		};
		37AED1EF1ABCF65700B20FDF /* Jack_Deschenes_01Tests */ = {
			isa = PBXNativeTarget;
			buildConfigurationList = 37AED1FD1ABCF65700B20FDF /* Build configuration list for PBXNativeTarget "Jack_Deschenes_01Tests" */;
			buildPhases = (
				37AED1EC1ABCF65700B20FDF /* Sources */,
				37AED1ED1ABCF65700B20FDF /* Frameworks */,
				37AED1EE1ABCF65700B20FDF /* Resources */,
			);
			buildRules = (
			);
			dependencies = (
				37AED1F21ABCF65700B20FDF /* PBXTargetDependency */,
			);
			name = Jack_Deschenes_01Tests;
			productName = Jack_Deschenes_01Tests;
			productReference = 37AED1F01ABCF65700B20FDF /* Jack_Deschenes_01Tests.xctest */;
			productType = "com.apple.product-type.bundle.unit-test";
		};
/* End PBXNativeTarget section */

/* Begin PBXProject section */
		37AED1D31ABCF65700B20FDF /* Project object */ = {
			isa = PBXProject;
			attributes = {
				LastUpgradeCheck = 0620;
				ORGANIZATIONNAME = JAM2;
				TargetAttributes = {
					37AED1DA1ABCF65700B20FDF = {
						CreatedOnToolsVersion = 6.2;
					};
					37AED1EF1ABCF65700B20FDF = {
						CreatedOnToolsVersion = 6.2;
						TestTargetID = 37AED1DA1ABCF65700B20FDF;
					};
				};
			};
			buildConfigurationList = 37AED1D61ABCF65700B20FDF /* Build configuration list for PBXProject "Jack_Deschenes_01" */;
			compatibilityVersion = "Xcode 3.2";
			developmentRegion = English;
			hasScannedForEncodings = 0;
			knownRegions = (
				en,
				Base,
			);
			mainGroup = 37AED1D21ABCF65700B20FDF;
			productRefGroup = 37AED1DC1ABCF65700B20FDF /* Products */;
			projectDirPath = "";
			projectRoot = "";
			targets = (
				37AED1DA1ABCF65700B20FDF /* Jack_Deschenes_01 */,
				37AED1EF1ABCF65700B20FDF /* Jack_Deschenes_01Tests */,
			);
		};
/* End PBXProject section */

/* Begin PBXResourcesBuildPhase section */
		37AED1D91ABCF65700B20FDF /* Resources */ = {
			isa = PBXResourcesBuildPhase;
			buildActionMask = 2147483647;
			files = (
				37AED1E61ABCF65700B20FDF /* Main.storyboard in Resources */,
				37AED1EB1ABCF65700B20FDF /* LaunchScreen.xib in Resources */,
				37AED1E81ABCF65700B20FDF /* Images.xcassets in Resources */,
			);
			runOnlyForDeploymentPostprocessing = 0;
		};
		37AED1EE1ABCF65700B20FDF /* Resources */ = {
			isa = PBXResourcesBuildPhase;
			buildActionMask = 2147483647;
			files = (
			);
			runOnlyForDeploymentPostprocessing = 0;
		};
/* End PBXResourcesBuildPhase section */

/* Begin PBXSourcesBuildPhase section */
		37AED1D71ABCF65700B20FDF /* Sources */ = {
			isa = PBXSourcesBuildPhase;
			buildActionMask = 2147483647;
			files = (
				37AED1E31ABCF65700B20FDF /* ViewController.swift in Sources */,
				37AED1E11ABCF65700B20FDF /* AppDelegate.swift in Sources */,
			);
			runOnlyForDeploymentPostprocessing = 0;
		};
		37AED1EC1ABCF65700B20FDF /* Sources */ = {
			isa = PBXSourcesBuildPhase;
			buildActionMask = 2147483647;
			files = (
				37AED1F71ABCF65700B20FDF /* Jack_Deschenes_01Tests.swift in Sources */,
			);
			runOnlyForDeploymentPostprocessing = 0;
		};
/* End PBXSourcesBuildPhase section */

/* Begin PBXTargetDependency section */
		37AED1F21ABCF65700B20FDF /* PBXTargetDependency */ = {
			isa = PBXTargetDependency;
			target = 37AED1DA1ABCF65700B20FDF /* Jack_Deschenes_01 */;
			targetProxy = 37AED1F11ABCF65700B20FDF /* PBXContainerItemProxy */;
		};
/* End PBXTargetDependency section */

/* Begin PBXVariantGroup section */
		37AED1E41ABCF65700B20FDF /* Main.storyboard */ = {
			isa = PBXVariantGroup;
			children = (
				37AED1E51ABCF65700B20FDF /* Base */,
			);
			name = Main.storyboard;
			sourceTree = "<group>";
		};
		37AED1E91ABCF65700B20FDF /* LaunchScreen.xib */ = {
			isa = PBXVariantGroup;
			children = (
				37AED1EA1ABCF65700B20FDF /* Base */,
			);
			name = LaunchScreen.xib;
			sourceTree = "<group>";
		};
/* End PBXVariantGroup section */

/* Begin XCBuildConfiguration section */
		37AED1F81ABCF65700B20FDF /* Debug */ = {
			isa = XCBuildConfiguration;
			buildSettings = {
				ALWAYS_SEARCH_USER_PATHS = NO;
				CLANG_CXX_LANGUAGE_STANDARD = "gnu++0x";
				CLANG_CXX_LIBRARY = "libc++";
				CLANG_ENABLE_MODULES = YES;
				CLANG_ENABLE_OBJC_ARC = YES;
				CLANG_WARN_BOOL_CONVERSION = YES;
				CLANG_WARN_CONSTANT_CONVERSION = YES;
				CLANG_WARN_DIRECT_OBJC_ISA_USAGE = YES_ERROR;
				CLANG_WARN_EMPTY_BODY = YES;
				CLANG_WARN_ENUM_CONVERSION = YES;
				CLANG_WARN_INT_CONVERSION = YES;
				CLANG_WARN_OBJC_ROOT_CLASS = YES_ERROR;
				CLANG_WARN_UNREACHABLE_CODE = YES;
				CLANG_WARN__DUPLICATE_METHOD_MATCH = YES;
				"CODE_SIGN_IDENTITY[sdk=iphoneos*]" = "iPhone Developer";
				COPY_PHASE_STRIP = NO;
				ENABLE_STRICT_OBJC_MSGSEND = YES;
				GCC_C_LANGUAGE_STANDARD = gnu99;
				GCC_DYNAMIC_NO_PIC = NO;
				GCC_OPTIMIZATION_LEVEL = 0;
				GCC_PREPROCESSOR_DEFINITIONS = (
					"DEBUG=1",
					"$(inherited)",
				);
				GCC_SYMBOLS_PRIVATE_EXTERN = NO;
				GCC_WARN_64_TO_32_BIT_CONVERSION = YES;
				GCC_WARN_ABOUT_RETURN_TYPE = YES_ERROR;
				GCC_WARN_UNDECLARED_SELECTOR = YES;
				GCC_WARN_UNINITIALIZED_AUTOS = YES_AGGRESSIVE;
				GCC_WARN_UNUSED_FUNCTION = YES;
				GCC_WARN_UNUSED_VARIABLE = YES;
				IPHONEOS_DEPLOYMENT_TARGET = 8.2;
				MTL_ENABLE_DEBUG_INFO = YES;
				ONLY_ACTIVE_ARCH = YES;
				SDKROOT = iphoneos;
				SWIFT_OPTIMIZATION_LEVEL = "-Onone";
			};
			name = Debug;
		};
		37AED1F91ABCF65700B20FDF /* Release */ = {
			isa = XCBuildConfiguration;
			buildSettings = {
				ALWAYS_SEARCH_USER_PATHS = NO;
				CLANG_CXX_LANGUAGE_STANDARD = "gnu++0x";
				CLANG_CXX_LIBRARY = "libc++";
				CLANG_ENABLE_MODULES = YES;
				CLANG_ENABLE_OBJC_ARC = YES;
				CLANG_WARN_BOOL_CONVERSION = YES;
				CLANG_WARN_CONSTANT_CONVERSION = YES;
				CLANG_WARN_DIRECT_OBJC_ISA_USAGE = YES_ERROR;
				CLANG_WARN_EMPTY_BODY = YES;
				CLANG_WARN_ENUM_CONVERSION = YES;
				CLANG_WARN_INT_CONVERSION = YES;
				CLANG_WARN_OBJC_ROOT_CLASS = YES_ERROR;
				CLANG_WARN_UNREACHABLE_CODE = YES;
				CLANG_WARN__DUPLICATE_METHOD_MATCH = YES;
				"CODE_SIGN_IDENTITY[sdk=iphoneos*]" = "iPhone Developer";
				COPY_PHASE_STRIP = NO;
				ENABLE_NS_ASSERTIONS = NO;
				ENABLE_STRICT_OBJC_MSGSEND = YES;
				GCC_C_LANGUAGE_STANDARD = gnu99;
				GCC_WARN_64_TO_32_BIT_CONVERSION = YES;
				GCC_WARN_ABOUT_RETURN_TYPE = YES_ERROR;
				GCC_WARN_UNDECLARED_SELECTOR = YES;
				GCC_WARN_UNINITIALIZED_AUTOS = YES_AGGRESSIVE;
				GCC_WARN_UNUSED_FUNCTION = YES;
				GCC_WARN_UNUSED_VARIABLE = YES;
				IPHONEOS_DEPLOYMENT_TARGET = 8.2;
				MTL_ENABLE_DEBUG_INFO = NO;
				SDKROOT = iphoneos;
				VALIDATE_PRODUCT = YES;
			};
			name = Release;
		};
		37AED1FB1ABCF65700B20FDF /* Debug */ = {
			isa = XCBuildConfiguration;
			buildSettings = {
				ASSETCATALOG_COMPILER_APPICON_NAME = AppIcon;
				INFOPLIST_FILE = Jack_Deschenes_01/Info.plist;
				LD_RUNPATH_SEARCH_PATHS = "$(inherited) @executable_path/Frameworks";
				PRODUCT_NAME = "$(TARGET_NAME)";
			};
			name = Debug;
		};
		37AED1FC1ABCF65700B20FDF /* Release */ = {
			isa = XCBuildConfiguration;
			buildSettings = {
				ASSETCATALOG_COMPILER_APPICON_NAME = AppIcon;
				INFOPLIST_FILE = Jack_Deschenes_01/Info.plist;
				LD_RUNPATH_SEARCH_PATHS = "$(inherited) @executable_path/Frameworks";
				PRODUCT_NAME = "$(TARGET_NAME)";
			};
			name = Release;
		};
		37AED1FE1ABCF65700B20FDF /* Debug */ = {
			isa = XCBuildConfiguration;
			buildSettings = {
				BUNDLE_LOADER = "$(TEST_HOST)";
				FRAMEWORK_SEARCH_PATHS = (
					"$(SDKROOT)/Developer/Library/Frameworks",
					"$(inherited)",
				);
				GCC_PREPROCESSOR_DEFINITIONS = (
					"DEBUG=1",
					"$(inherited)",
				);
				INFOPLIST_FILE = Jack_Deschenes_01Tests/Info.plist;
				LD_RUNPATH_SEARCH_PATHS = "$(inherited) @executable_path/Frameworks @loader_path/Frameworks";
				PRODUCT_NAME = "$(TARGET_NAME)";
				TEST_HOST = "$(BUILT_PRODUCTS_DIR)/Jack_Deschenes_01.app/Jack_Deschenes_01";
			};
			name = Debug;
		};
		37AED1FF1ABCF65700B20FDF /* Release */ = {
			isa = XCBuildConfiguration;
			buildSettings = {
				BUNDLE_LOADER = "$(TEST_HOST)";
				FRAMEWORK_SEARCH_PATHS = (
					"$(SDKROOT)/Developer/Library/Frameworks",
					"$(inherited)",
				);
				INFOPLIST_FILE = Jack_Deschenes_01Tests/Info.plist;
				LD_RUNPATH_SEARCH_PATHS = "$(inherited) @executable_path/Frameworks @loader_path/Frameworks";
				PRODUCT_NAME = "$(TARGET_NAME)";
				TEST_HOST = "$(BUILT_PRODUCTS_DIR)/Jack_Deschenes_01.app/Jack_Deschenes_01";
			};
			name = Release;
		};
/* End XCBuildConfiguration section */

/* Begin XCConfigurationList section */
		37AED1D61ABCF65700B20FDF /* Build configuration list for PBXProject "Jack_Deschenes_01" */ = {
			isa = XCConfigurationList;
			buildConfigurations = (
				37AED1F81ABCF65700B20FDF /* Debug */,
				37AED1F91ABCF65700B20FDF /* Release */,
			);
			defaultConfigurationIsVisible = 0;
			defaultConfigurationName = Release;
		};
		37AED1FA1ABCF65700B20FDF /* Build configuration list for PBXNativeTarget "Jack_Deschenes_01" */ = {
			isa = XCConfigurationList;
			buildConfigurations = (
				37AED1FB1ABCF65700B20FDF /* Debug */,
				37AED1FC1ABCF65700B20FDF /* Release */,
			);
			defaultConfigurationIsVisible = 0;
		};
		37AED1FD1ABCF65700B20FDF /* Build configuration list for PBXNativeTarget "Jack_Deschenes_01Tests" */ = {
			isa = XCConfigurationList;
			buildConfigurations = (
				37AED1FE1ABCF65700B20FDF /* Debug */,
				37AED1FF1ABCF65700B20FDF /* Release */,
			);
			defaultConfigurationIsVisible = 0;
		};
/* End XCConfigurationList section */
	};
	rootObject = 37AED1D31ABCF65700B20FDF /* Project object */;
}
